
Microsoft Visual Studio Solution File, Format Version 12.00
# Visual Studio Version 17
VisualStudioVersion = 17.9.34622.214
MinimumVisualStudioVersion = 10.0.40219.1
Project("{9A19103F-16F7-4668-BE54-9A1E7A4F7556}") = "array", "array\array.csproj", "{D18DF25F-F7A4-4F54-BDF1-E1951CE4FF59}"
EndProject
Project("{9A19103F-16F7-4668-BE54-9A1E7A4F7556}") = "seleniumlearning", "seleniumlearning\seleniumlearning.csproj", "{95FD7FEB-71B7-4507-B796-C9938BE85728}"
EndProject
Project("{2150E333-8FDC-42A3-9474-1A3956D46DE8}") = "Solution Items", "Solution Items", "{AD8DE611-E676-4F5D-8231-A4690731BC9E}"
	ProjectSection(SolutionItems) = preProject
		.editorconfig = .editorconfig
	EndProjectSection
EndProject
Project("{FAE04EC0-301F-11D3-BF4B-00C04F79EFBC}") = "c# selenium framework", "c# selenium framework\c# selenium framework.csproj", "{536BD8F4-66EE-418D-AE5E-27312E36E377}"
EndProject
Global
	GlobalSection(SolutionConfigurationPlatforms) = preSolution
		Debug|Any CPU = Debug|Any CPU
		Release|Any CPU = Release|Any CPU
	EndGlobalSection
	GlobalSection(ProjectConfigurationPlatforms) = postSolution
		{D18DF25F-F7A4-4F54-BDF1-E1951CE4FF59}.Debug|Any CPU.ActiveCfg = Debug|Any CPU
		{D18DF25F-F7A4-4F54-BDF1-E1951CE4FF59}.Debug|Any CPU.Build.0 = Debug|Any CPU
		{D18DF25F-F7A4-4F54-BDF1-E1951CE4FF59}.Release|Any CPU.ActiveCfg = Release|Any CPU
		{D18DF25F-F7A4-4F54-BDF1-E1951CE4FF59}.Release|Any CPU.Build.0 = Release|Any CPU
		{95FD7FEB-71B7-4507-B796-C9938BE85728}.Debug|Any CPU.ActiveCfg = Debug|Any CPU
		{95FD7FEB-71B7-4507-B796-C9938BE85728}.Debug|Any CPU.Build.0 = Debug|Any CPU
		{95FD7FEB-71B7-4507-B796-C9938BE85728}.Release|Any CPU.ActiveCfg = Release|Any CPU
		{95FD7FEB-71B7-4507-B796-C9938BE85728}.Release|Any CPU.Build.0 = Release|Any CPU
		{536BD8F4-66EE-418D-AE5E-27312E36E377}.Debug|Any CPU.ActiveCfg = Debug|Any CPU
		{536BD8F4-66EE-418D-AE5E-27312E36E377}.Debug|Any CPU.Build.0 = Debug|Any CPU
		{536BD8F4-66EE-418D-AE5E-27312E36E377}.Release|Any CPU.ActiveCfg = Release|Any CPU
		{536BD8F4-66EE-418D-AE5E-27312E36E377}.Release|Any CPU.Build.0 = Release|Any CPU
	EndGlobalSection
	GlobalSection(SolutionProperties) = preSolution
		HideSolutionNode = FALSE
	EndGlobalSection
	GlobalSection(ExtensibilityGlobals) = postSolution
		SolutionGuid = {F025C308-17DF-4E15-A68A-B1AF62651D20}
	EndGlobalSection
EndGlobal
